
Microsoft Visual Studio Solution File, Format Version 12.00
# Visual Studio Version 16
VisualStudioVersion = 16.0.31729.503
MinimumVisualStudioVersion = 10.0.40219.1
Project("{FAE04EC0-301F-11D3-BF4B-00C04F79EFBC}") = "Exquisite Corpse", "Exquisite Corpse\Exquisite Corpse.csproj", "{BFC72357-ADF5-4C31-98CD-D0D93D9430B4}"
EndProject
Global
	GlobalSection(SolutionConfigurationPlatforms) = preSolution
		Debug|Any CPU = Debug|Any CPU
		Release|Any CPU = Release|Any CPU
	EndGlobalSection
	GlobalSection(ProjectConfigurationPlatforms) = postSolution
		{BFC72357-ADF5-4C31-98CD-D0D93D9430B4}.Debug|Any CPU.ActiveCfg = Debug|Any CPU
		{BFC72357-ADF5-4C31-98CD-D0D93D9430B4}.Debug|Any CPU.Build.0 = Debug|Any CPU
		{BFC72357-ADF5-4C31-98CD-D0D93D9430B4}.Release|Any CPU.ActiveCfg = Release|Any CPU
		{BFC72357-ADF5-4C31-98CD-D0D93D9430B4}.Release|Any CPU.Build.0 = Release|Any CPU
	EndGlobalSection
	GlobalSection(SolutionProperties) = preSolution
		HideSolutionNode = FALSE
	EndGlobalSection
	GlobalSection(ExtensibilityGlobals) = postSolution
		SolutionGuid = {AE041E9E-60AA-4A55-9BFA-265D5EE360C8}
	EndGlobalSection
EndGlobal
